// !$*UTF8*$!
{
	archiveVersion = 1;
	classes = {
	};
	objectVersion = 77;
	objects = {

/* Begin PBXBuildFile section */
		5E1A00000000000000000018 /* CoreBridge in Frameworks */ = {isa = PBXBuildFile; productRef = 5E1A0000000000000000001B /* CoreBridge */; };
		5E1A00000000000000000019 /* CoreBridge in Frameworks */ = {isa = PBXBuildFile; productRef = 5E1A0000000000000000001C /* CoreBridge */; };
		5E1A0000000000000000003A /* CoreClient in Frameworks */ = {isa = PBXBuildFile; productRef = 5E1A0000000000000000003D /* CoreClient */; };
		5E1A0000000000000000003B /* CoreClient in Frameworks */ = {isa = PBXBuildFile; productRef = 5E1A0000000000000000003E /* CoreClient */; };
/* End PBXBuildFile section */

/* Begin PBXFileReference section */
		5E1A00000000000000000005 /* Shared.xcconfig */ = {isa = PBXFileReference; lastKnownFileType = text.xcconfig; path = Shared.xcconfig; sourceTree = "<group>"; };
		5E1A00000000000000000006 /* Skywire.app */ = {isa = PBXFileReference; explicitFileType = wrapper.application; includeInIndex = 0; path = Skywire.app; sourceTree = BUILT_PRODUCTS_DIR; };
		5E1A00000000000000000007 /* SkywireTests.xctest */ = {isa = PBXFileReference; explicitFileType = wrapper.cfbundle; includeInIndex = 0; path = SkywireTests.xctest; sourceTree = BUILT_PRODUCTS_DIR; };
		5E1A00000000000000000050 /* SkywireUITests.xctest */ = {isa = PBXFileReference; explicitFileType = wrapper.cfbundle; includeInIndex = 0; path = SkywireUITests.xctest; sourceTree = BUILT_PRODUCTS_DIR; };
		5E1A00000000000000000040 /* SkywireAppTests.xctest */ = {isa = PBXFileReference; explicitFileType = wrapper.cfbundle; includeInIndex = 0; path = SkywireAppTests.xctest; sourceTree = BUILT_PRODUCTS_DIR; };
/* End PBXFileReference section */

/* Begin PBXFileSystemSynchronizedBuildFileExceptionSet section */
		5E1A0000000000000000000A /* Exceptions for "Skywire" folder in "Skywire" target */ = {
			isa = PBXFileSystemSynchronizedBuildFileExceptionSet;
			membershipExceptions = (
				Info.plist,
				Skywire.entitlements,
			);
			target = 5E1A00000000000000000010 /* Skywire */;
		};
/* End PBXFileSystemSynchronizedBuildFileExceptionSet section */

/* Begin PBXFileSystemSynchronizedRootGroup section */
		5E1A00000000000000000008 /* Skywire */ = {
			isa = PBXFileSystemSynchronizedRootGroup;
			exceptions = (
				5E1A0000000000000000000A /* Exceptions for "Skywire" folder in "Skywire" target */,
			);
			path = Skywire;
			sourceTree = "<group>";
		};
		5E1A00000000000000000009 /* SkywireTests */ = {
			isa = PBXFileSystemSynchronizedRootGroup;
			path = SkywireTests;
			sourceTree = "<group>";
		};
		5E1A00000000000000000041 /* SkywireAppTests */ = {
			isa = PBXFileSystemSynchronizedRootGroup;
			path = SkywireAppTests;
			sourceTree = "<group>";
		};
		5E1A00000000000000000051 /* SkywireUITests */ = {
			isa = PBXFileSystemSynchronizedRootGroup;
			path = SkywireUITests;
			sourceTree = "<group>";
		};
/* End PBXFileSystemSynchronizedRootGroup section */

/* Begin PBXFrameworksBuildPhase section */
		5E1A00000000000000000013 /* Frameworks */ = {
			isa = PBXFrameworksBuildPhase;
			buildActionMask = 2147483647;
			files = (
				5E1A00000000000000000018 /* CoreBridge in Frameworks */,
				5E1A0000000000000000003A /* CoreClient in Frameworks */,
			);
			runOnlyForDeploymentPostprocessing = 0;
		};
		5E1A00000000000000000016 /* Frameworks */ = {
			isa = PBXFrameworksBuildPhase;
			buildActionMask = 2147483647;
			files = (
				5E1A00000000000000000019 /* CoreBridge in Frameworks */,
				5E1A0000000000000000003B /* CoreClient in Frameworks */,
			);
			runOnlyForDeploymentPostprocessing = 0;
		};
		5E1A00000000000000000044 /* Frameworks */ = {
			isa = PBXFrameworksBuildPhase;
			buildActionMask = 2147483647;
			files = (
			);
			runOnlyForDeploymentPostprocessing = 0;
		};
		5E1A00000000000000000054 /* Frameworks */ = {
			isa = PBXFrameworksBuildPhase;
			buildActionMask = 2147483647;
			files = (
			);
			runOnlyForDeploymentPostprocessing = 0;
		};
/* End PBXFrameworksBuildPhase section */

/* Begin PBXGroup section */
		5E1A00000000000000000002 = {
			isa = PBXGroup;
			children = (
				5E1A00000000000000000004 /* Config */,
				5E1A00000000000000000008 /* Skywire */,
				5E1A00000000000000000009 /* SkywireTests */,
				5E1A00000000000000000041 /* SkywireAppTests */,
				5E1A00000000000000000051 /* SkywireUITests */,
				5E1A00000000000000000003 /* Products */,
			);
			sourceTree = "<group>";
		};
		5E1A00000000000000000003 /* Products */ = {
			isa = PBXGroup;
			children = (
				5E1A00000000000000000006 /* Skywire.app */,
				5E1A00000000000000000007 /* SkywireTests.xctest */,
				5E1A00000000000000000040 /* SkywireAppTests.xctest */,
				5E1A00000000000000000050 /* SkywireUITests.xctest */,
			);
			name = Products;
			sourceTree = "<group>";
		};
		5E1A00000000000000000004 /* Config */ = {
			isa = PBXGroup;
			children = (
				5E1A00000000000000000005 /* Shared.xcconfig */,
			);
			path = Config;
			sourceTree = "<group>";
		};
/* End PBXGroup section */

/* Begin PBXNativeTarget section */
		5E1A00000000000000000010 /* Skywire */ = {
			isa = PBXNativeTarget;
			buildConfigurationList = 5E1A00000000000000000021 /* Build configuration list for PBXNativeTarget "Skywire" */;
			buildPhases = (
				5E1A00000000000000000012 /* Sources */,
				5E1A00000000000000000013 /* Frameworks */,
				5E1A00000000000000000014 /* Resources */,
			);
			buildRules = (
			);
			dependencies = (
			);
			fileSystemSynchronizedGroups = (
				5E1A00000000000000000008 /* Skywire */,
			);
			name = Skywire;
			packageProductDependencies = (
				5E1A0000000000000000001B /* CoreBridge */,
				5E1A0000000000000000003D /* CoreClient */,
			);
			productName = Skywire;
			productReference = 5E1A00000000000000000006 /* Skywire.app */;
			productType = "com.apple.product-type.application";
		};
		5E1A00000000000000000011 /* SkywireTests */ = {
			isa = PBXNativeTarget;
			buildConfigurationList = 5E1A00000000000000000022 /* Build configuration list for PBXNativeTarget "SkywireTests" */;
			buildPhases = (
				5E1A00000000000000000015 /* Sources */,
				5E1A00000000000000000016 /* Frameworks */,
				5E1A00000000000000000017 /* Resources */,
			);
			buildRules = (
			);
			dependencies = (
			);
			fileSystemSynchronizedGroups = (
				5E1A00000000000000000009 /* SkywireTests */,
			);
			name = SkywireTests;
			packageProductDependencies = (
				5E1A0000000000000000001C /* CoreBridge */,
				5E1A0000000000000000003E /* CoreClient */,
			);
			productName = SkywireTests;
			productReference = 5E1A00000000000000000007 /* SkywireTests.xctest */;
			productType = "com.apple.product-type.bundle.unit-test";
		};
		5E1A00000000000000000042 /* SkywireAppTests */ = {
			isa = PBXNativeTarget;
			buildConfigurationList = 5E1A0000000000000000004A /* Build configuration list for PBXNativeTarget "SkywireAppTests" */;
			buildPhases = (
				5E1A00000000000000000043 /* Sources */,
				5E1A00000000000000000044 /* Frameworks */,
				5E1A00000000000000000045 /* Resources */,
			);
			buildRules = (
			);
			dependencies = (
				5E1A00000000000000000049 /* PBXTargetDependency */,
			);
			fileSystemSynchronizedGroups = (
				5E1A00000000000000000041 /* SkywireAppTests */,
			);
			name = SkywireAppTests;
			productName = SkywireAppTests;
			productReference = 5E1A00000000000000000040 /* SkywireAppTests.xctest */;
			productType = "com.apple.product-type.bundle.unit-test";
		};
		5E1A00000000000000000052 /* SkywireUITests */ = {
			isa = PBXNativeTarget;
			buildConfigurationList = 5E1A0000000000000000005A /* Build configuration list for PBXNativeTarget "SkywireUITests" */;
			buildPhases = (
				5E1A00000000000000000053 /* Sources */,
				5E1A00000000000000000054 /* Frameworks */,
				5E1A00000000000000000055 /* Resources */,
			);
			buildRules = (
			);
			dependencies = (
				5E1A00000000000000000059 /* PBXTargetDependency */,
			);
			fileSystemSynchronizedGroups = (
				5E1A00000000000000000051 /* SkywireUITests */,
			);
			name = SkywireUITests;
			productName = SkywireUITests;
			productReference = 5E1A00000000000000000050 /* SkywireUITests.xctest */;
			productType = "com.apple.product-type.bundle.ui-testing";
		};
/* End PBXNativeTarget section */

/* Begin PBXProject section */
		5E1A00000000000000000001 /* Project object */ = {
			isa = PBXProject;
			attributes = {
				BuildIndependentTargetsInParallel = 1;
				LastSwiftUpdateCheck = 2700;
				LastUpgradeCheck = 2700;
				TargetAttributes = {
					5E1A00000000000000000010 = {
						CreatedOnToolsVersion = 27.0;
					};
					5E1A00000000000000000011 = {
						CreatedOnToolsVersion = 27.0;
					};
					5E1A00000000000000000042 = {
						CreatedOnToolsVersion = 27.0;
						TestTargetID = 5E1A00000000000000000010;
					};
					5E1A00000000000000000052 = {
						CreatedOnToolsVersion = 27.0;
						TestTargetID = 5E1A00000000000000000010;
					};
				};
			};
			buildConfigurationList = 5E1A00000000000000000020 /* Build configuration list for PBXProject "Skywire" */;
			developmentRegion = en;
			hasScannedForEncodings = 0;
			knownRegions = (
				en,
				Base,
				"zh-Hans",
				es,
			);
			mainGroup = 5E1A00000000000000000002;
			minimizedProjectReferenceProxies = 1;
			packageReferences = (
				5E1A0000000000000000001A /* XCLocalSwiftPackageReference "Packages/CoreBridge" */,
				5E1A0000000000000000003C /* XCLocalSwiftPackageReference "Packages/CoreClient" */,
			);
			preferredProjectObjectVersion = 77;
			productRefGroup = 5E1A00000000000000000003 /* Products */;
			projectDirPath = "";
			projectRoot = "";
			targets = (
				5E1A00000000000000000010 /* Skywire */,
				5E1A00000000000000000011 /* SkywireTests */,
				5E1A00000000000000000042 /* SkywireAppTests */,
				5E1A00000000000000000052 /* SkywireUITests */,
			);
		};
/* End PBXProject section */

/* Begin PBXResourcesBuildPhase section */
		5E1A00000000000000000014 /* Resources */ = {
			isa = PBXResourcesBuildPhase;
			buildActionMask = 2147483647;
			files = (
			);
			runOnlyForDeploymentPostprocessing = 0;
		};
		5E1A00000000000000000017 /* Resources */ = {
			isa = PBXResourcesBuildPhase;
			buildActionMask = 2147483647;
			files = (
			);
			runOnlyForDeploymentPostprocessing = 0;
		};
		5E1A00000000000000000045 /* Resources */ = {
			isa = PBXResourcesBuildPhase;
			buildActionMask = 2147483647;
			files = (
			);
			runOnlyForDeploymentPostprocessing = 0;
		};
		5E1A00000000000000000055 /* Resources */ = {
			isa = PBXResourcesBuildPhase;
			buildActionMask = 2147483647;
			files = (
			);
			runOnlyForDeploymentPostprocessing = 0;
		};
/* End PBXResourcesBuildPhase section */

/* Begin PBXSourcesBuildPhase section */
		5E1A00000000000000000012 /* Sources */ = {
			isa = PBXSourcesBuildPhase;
			buildActionMask = 2147483647;
			files = (
			);
			runOnlyForDeploymentPostprocessing = 0;
		};
		5E1A00000000000000000015 /* Sources */ = {
			isa = PBXSourcesBuildPhase;
			buildActionMask = 2147483647;
			files = (
			);
			runOnlyForDeploymentPostprocessing = 0;
		};
		5E1A00000000000000000043 /* Sources */ = {
			isa = PBXSourcesBuildPhase;
			buildActionMask = 2147483647;
			files = (
			);
			runOnlyForDeploymentPostprocessing = 0;
		};
		5E1A00000000000000000053 /* Sources */ = {
			isa = PBXSourcesBuildPhase;
			buildActionMask = 2147483647;
			files = (
			);
			runOnlyForDeploymentPostprocessing = 0;
		};
/* End PBXSourcesBuildPhase section */

/* Begin PBXContainerItemProxy section */
		5E1A00000000000000000048 /* PBXContainerItemProxy */ = {
			isa = PBXContainerItemProxy;
			containerPortal = 5E1A00000000000000000001 /* Project object */;
			proxyType = 1;
			remoteGlobalIDString = 5E1A00000000000000000010;
			remoteInfo = Skywire;
		};
		5E1A00000000000000000058 /* PBXContainerItemProxy */ = {
			isa = PBXContainerItemProxy;
			containerPortal = 5E1A00000000000000000001 /* Project object */;
			proxyType = 1;
			remoteGlobalIDString = 5E1A00000000000000000010;
			remoteInfo = Skywire;
		};
/* End PBXContainerItemProxy section */

/* Begin PBXTargetDependency section */
		5E1A00000000000000000049 /* PBXTargetDependency */ = {
			isa = PBXTargetDependency;
			target = 5E1A00000000000000000010 /* Skywire */;
			targetProxy = 5E1A00000000000000000048 /* PBXContainerItemProxy */;
		};
		5E1A00000000000000000059 /* PBXTargetDependency */ = {
			isa = PBXTargetDependency;
			target = 5E1A00000000000000000010 /* Skywire */;
			targetProxy = 5E1A00000000000000000058 /* PBXContainerItemProxy */;
		};
/* End PBXTargetDependency section */

/* Begin XCBuildConfiguration section */
		5E1A00000000000000000030 /* Debug */ = {
			isa = XCBuildConfiguration;
			baseConfigurationReference = 5E1A00000000000000000005 /* Shared.xcconfig */;
			buildSettings = {
				ALWAYS_SEARCH_USER_PATHS = NO;
				CLANG_ANALYZER_NONNULL = YES;
				CLANG_ENABLE_MODULES = YES;
				CLANG_ENABLE_OBJC_ARC = YES;
				CLANG_WARN_BLOCK_CAPTURE_AUTORELEASING = YES;
				CLANG_WARN_BOOL_CONVERSION = YES;
				CLANG_WARN_COMMA = YES;
				CLANG_WARN_CONSTANT_CONVERSION = YES;
				CLANG_WARN_DOCUMENTATION_COMMENTS = YES;
				CLANG_WARN_EMPTY_BODY = YES;
				CLANG_WARN_ENUM_CONVERSION = YES;
				CLANG_WARN_INFINITE_RECURSION = YES;
				CLANG_WARN_INT_CONVERSION = YES;
				CLANG_WARN_NON_LITERAL_NULL_CONVERSION = YES;
				CLANG_WARN_STRICT_PROTOTYPES = YES;
				CLANG_WARN_SUSPICIOUS_MOVE = YES;
				CLANG_WARN_UNREACHABLE_CODE = YES;
				COPY_PHASE_STRIP = NO;
				DEBUG_INFORMATION_FORMAT = dwarf;
				ENABLE_STRICT_OBJC_MSGSEND = YES;
				ENABLE_TESTABILITY = YES;
				ENABLE_USER_SCRIPT_SANDBOXING = YES;
				GCC_C_LANGUAGE_STANDARD = gnu17;
				GCC_NO_COMMON_BLOCKS = YES;
				GCC_OPTIMIZATION_LEVEL = 0;
				GCC_PREPROCESSOR_DEFINITIONS = (
					"DEBUG=1",
					"$(inherited)",
				);
				GCC_WARN_64_TO_32_BIT_CONVERSION = YES;
				GCC_WARN_ABOUT_RETURN_TYPE = YES_ERROR;
				GCC_WARN_UNDECLARED_SELECTOR = YES;
				GCC_WARN_UNINITIALIZED_AUTOS = YES_AGGRESSIVE;
				GCC_WARN_UNUSED_FUNCTION = YES;
				GCC_WARN_UNUSED_VARIABLE = YES;
				LOCALIZATION_PREFERS_STRING_CATALOGS = YES;
				ONLY_ACTIVE_ARCH = YES;
				SDKROOT = iphoneos;
				SWIFT_ACTIVE_COMPILATION_CONDITIONS = "DEBUG $(inherited)";
				SWIFT_OPTIMIZATION_LEVEL = "-Onone";
			};
			name = Debug;
		};
		5E1A00000000000000000031 /* Release */ = {
			isa = XCBuildConfiguration;
			baseConfigurationReference = 5E1A00000000000000000005 /* Shared.xcconfig */;
			buildSettings = {
				ALWAYS_SEARCH_USER_PATHS = NO;
				CLANG_ANALYZER_NONNULL = YES;
				CLANG_ENABLE_MODULES = YES;
				CLANG_ENABLE_OBJC_ARC = YES;
				CLANG_WARN_BLOCK_CAPTURE_AUTORELEASING = YES;
				CLANG_WARN_BOOL_CONVERSION = YES;
				CLANG_WARN_COMMA = YES;
				CLANG_WARN_CONSTANT_CONVERSION = YES;
				CLANG_WARN_DOCUMENTATION_COMMENTS = YES;
				CLANG_WARN_EMPTY_BODY = YES;
				CLANG_WARN_ENUM_CONVERSION = YES;
				CLANG_WARN_INFINITE_RECURSION = YES;
				CLANG_WARN_INT_CONVERSION = YES;
				CLANG_WARN_NON_LITERAL_NULL_CONVERSION = YES;
				CLANG_WARN_STRICT_PROTOTYPES = YES;
				CLANG_WARN_SUSPICIOUS_MOVE = YES;
				CLANG_WARN_UNREACHABLE_CODE = YES;
				COPY_PHASE_STRIP = NO;
				DEBUG_INFORMATION_FORMAT = "dwarf-with-dsym";
				ENABLE_NS_ASSERTIONS = NO;
				ENABLE_STRICT_OBJC_MSGSEND = YES;
				ENABLE_USER_SCRIPT_SANDBOXING = YES;
				GCC_C_LANGUAGE_STANDARD = gnu17;
				GCC_NO_COMMON_BLOCKS = YES;
				GCC_WARN_64_TO_32_BIT_CONVERSION = YES;
				GCC_WARN_ABOUT_RETURN_TYPE = YES_ERROR;
				GCC_WARN_UNDECLARED_SELECTOR = YES;
				GCC_WARN_UNINITIALIZED_AUTOS = YES_AGGRESSIVE;
				GCC_WARN_UNUSED_FUNCTION = YES;
				GCC_WARN_UNUSED_VARIABLE = YES;
				LOCALIZATION_PREFERS_STRING_CATALOGS = YES;
				SDKROOT = iphoneos;
				SWIFT_COMPILATION_MODE = wholemodule;
				VALIDATE_PRODUCT = YES;
			};
			name = Release;
		};
		5E1A00000000000000000032 /* Debug */ = {
			isa = XCBuildConfiguration;
			buildSettings = {
				CODE_SIGN_ENTITLEMENTS = Skywire/Skywire.entitlements;
				"CODE_SIGN_IDENTITY[sdk=iphonesimulator*]" = "-";
				"CODE_SIGN_STYLE[sdk=iphonesimulator*]" = Manual;
				CODE_SIGN_STYLE = Automatic;
				ENABLE_PREVIEWS = YES;
				GENERATE_INFOPLIST_FILE = YES;
				INFOPLIST_FILE = Skywire/Info.plist;
				INFOPLIST_KEY_CFBundleDisplayName = Skywire;
				INFOPLIST_KEY_UIApplicationSceneManifest_Generation = YES;
				INFOPLIST_KEY_UIApplicationSupportsIndirectInputEvents = YES;
				INFOPLIST_KEY_UILaunchScreen_Generation = YES;
				INFOPLIST_KEY_UISupportedInterfaceOrientations = UIInterfaceOrientationPortrait;
				LD_RUNPATH_SEARCH_PATHS = (
					"$(inherited)",
					"@executable_path/Frameworks",
				);
				PRODUCT_BUNDLE_IDENTIFIER = "$(SKYWIRE_BUNDLE_ID)";
				PRODUCT_NAME = "$(TARGET_NAME)";
				SUPPORTED_PLATFORMS = "iphoneos iphonesimulator";
				SUPPORTS_MACCATALYST = NO;
				SUPPORTS_MAC_DESIGNED_FOR_IPHONE_IPAD = NO;
				SUPPORTS_XR_DESIGNED_FOR_IPHONE_IPAD = NO;
				SWIFT_EMIT_LOC_STRINGS = YES;
				TARGETED_DEVICE_FAMILY = 1;
			};
			name = Debug;
		};
		5E1A00000000000000000033 /* Release */ = {
			isa = XCBuildConfiguration;
			buildSettings = {
				CODE_SIGN_ENTITLEMENTS = Skywire/Skywire.entitlements;
				"CODE_SIGN_IDENTITY[sdk=iphonesimulator*]" = "-";
				"CODE_SIGN_STYLE[sdk=iphonesimulator*]" = Manual;
				CODE_SIGN_STYLE = Automatic;
				ENABLE_PREVIEWS = YES;
				GENERATE_INFOPLIST_FILE = YES;
				INFOPLIST_FILE = Skywire/Info.plist;
				INFOPLIST_KEY_CFBundleDisplayName = Skywire;
				INFOPLIST_KEY_UIApplicationSceneManifest_Generation = YES;
				INFOPLIST_KEY_UIApplicationSupportsIndirectInputEvents = YES;
				INFOPLIST_KEY_UILaunchScreen_Generation = YES;
				INFOPLIST_KEY_UISupportedInterfaceOrientations = UIInterfaceOrientationPortrait;
				LD_RUNPATH_SEARCH_PATHS = (
					"$(inherited)",
					"@executable_path/Frameworks",
				);
				PRODUCT_BUNDLE_IDENTIFIER = "$(SKYWIRE_BUNDLE_ID)";
				PRODUCT_NAME = "$(TARGET_NAME)";
				SUPPORTED_PLATFORMS = "iphoneos iphonesimulator";
				SUPPORTS_MACCATALYST = NO;
				SUPPORTS_MAC_DESIGNED_FOR_IPHONE_IPAD = NO;
				SUPPORTS_XR_DESIGNED_FOR_IPHONE_IPAD = NO;
				SWIFT_EMIT_LOC_STRINGS = YES;
				TARGETED_DEVICE_FAMILY = 1;
			};
			name = Release;
		};
		5E1A00000000000000000034 /* Debug */ = {
			isa = XCBuildConfiguration;
			buildSettings = {
				"CODE_SIGN_IDENTITY[sdk=iphonesimulator*]" = "-";
				"CODE_SIGN_STYLE[sdk=iphonesimulator*]" = Manual;
				CODE_SIGN_STYLE = Automatic;
				GENERATE_INFOPLIST_FILE = YES;
				IPHONEOS_DEPLOYMENT_TARGET = 17.0;
				PRODUCT_BUNDLE_IDENTIFIER = "$(SKYWIRE_BUNDLE_ID).tests";
				PRODUCT_NAME = "$(TARGET_NAME)";
				SUPPORTED_PLATFORMS = "iphoneos iphonesimulator";
				SUPPORTS_MACCATALYST = NO;
				SUPPORTS_MAC_DESIGNED_FOR_IPHONE_IPAD = NO;
				SUPPORTS_XR_DESIGNED_FOR_IPHONE_IPAD = NO;
				SWIFT_EMIT_LOC_STRINGS = NO;
				TARGETED_DEVICE_FAMILY = 1;
			};
			name = Debug;
		};
		5E1A00000000000000000035 /* Release */ = {
			isa = XCBuildConfiguration;
			buildSettings = {
				"CODE_SIGN_IDENTITY[sdk=iphonesimulator*]" = "-";
				"CODE_SIGN_STYLE[sdk=iphonesimulator*]" = Manual;
				CODE_SIGN_STYLE = Automatic;
				GENERATE_INFOPLIST_FILE = YES;
				IPHONEOS_DEPLOYMENT_TARGET = 17.0;
				PRODUCT_BUNDLE_IDENTIFIER = "$(SKYWIRE_BUNDLE_ID).tests";
				PRODUCT_NAME = "$(TARGET_NAME)";
				SUPPORTED_PLATFORMS = "iphoneos iphonesimulator";
				SUPPORTS_MACCATALYST = NO;
				SUPPORTS_MAC_DESIGNED_FOR_IPHONE_IPAD = NO;
				SUPPORTS_XR_DESIGNED_FOR_IPHONE_IPAD = NO;
				SWIFT_EMIT_LOC_STRINGS = NO;
				TARGETED_DEVICE_FAMILY = 1;
			};
			name = Release;
		};
		5E1A0000000000000000004B /* Debug */ = {
			isa = XCBuildConfiguration;
			buildSettings = {
				BUNDLE_LOADER = "$(TEST_HOST)";
				"CODE_SIGN_IDENTITY[sdk=iphonesimulator*]" = "-";
				"CODE_SIGN_STYLE[sdk=iphonesimulator*]" = Manual;
				CODE_SIGN_STYLE = Automatic;
				GENERATE_INFOPLIST_FILE = YES;
				IPHONEOS_DEPLOYMENT_TARGET = 17.0;
				PRODUCT_BUNDLE_IDENTIFIER = "$(SKYWIRE_BUNDLE_ID).apptests";
				PRODUCT_NAME = "$(TARGET_NAME)";
				SUPPORTED_PLATFORMS = "iphoneos iphonesimulator";
				SUPPORTS_MACCATALYST = NO;
				SUPPORTS_MAC_DESIGNED_FOR_IPHONE_IPAD = NO;
				SUPPORTS_XR_DESIGNED_FOR_IPHONE_IPAD = NO;
				SWIFT_EMIT_LOC_STRINGS = NO;
				TARGETED_DEVICE_FAMILY = 1;
				TEST_HOST = "$(BUILT_PRODUCTS_DIR)/Skywire.app/$(BUNDLE_EXECUTABLE_FOLDER_PATH)/Skywire";
			};
			name = Debug;
		};
		5E1A0000000000000000004C /* Release */ = {
			isa = XCBuildConfiguration;
			buildSettings = {
				BUNDLE_LOADER = "$(TEST_HOST)";
				"CODE_SIGN_IDENTITY[sdk=iphonesimulator*]" = "-";
				"CODE_SIGN_STYLE[sdk=iphonesimulator*]" = Manual;
				CODE_SIGN_STYLE = Automatic;
				GENERATE_INFOPLIST_FILE = YES;
				IPHONEOS_DEPLOYMENT_TARGET = 17.0;
				PRODUCT_BUNDLE_IDENTIFIER = "$(SKYWIRE_BUNDLE_ID).apptests";
				PRODUCT_NAME = "$(TARGET_NAME)";
				SUPPORTED_PLATFORMS = "iphoneos iphonesimulator";
				SUPPORTS_MACCATALYST = NO;
				SUPPORTS_MAC_DESIGNED_FOR_IPHONE_IPAD = NO;
				SUPPORTS_XR_DESIGNED_FOR_IPHONE_IPAD = NO;
				SWIFT_EMIT_LOC_STRINGS = NO;
				TARGETED_DEVICE_FAMILY = 1;
				TEST_HOST = "$(BUILT_PRODUCTS_DIR)/Skywire.app/$(BUNDLE_EXECUTABLE_FOLDER_PATH)/Skywire";
			};
			name = Release;
		};
		5E1A0000000000000000005B /* Debug */ = {
			isa = XCBuildConfiguration;
			buildSettings = {
				"CODE_SIGN_IDENTITY[sdk=iphonesimulator*]" = "-";
				"CODE_SIGN_STYLE[sdk=iphonesimulator*]" = Manual;
				CODE_SIGN_STYLE = Automatic;
				GENERATE_INFOPLIST_FILE = YES;
				IPHONEOS_DEPLOYMENT_TARGET = 17.0;
				PRODUCT_BUNDLE_IDENTIFIER = "$(SKYWIRE_BUNDLE_ID).uitests";
				PRODUCT_NAME = "$(TARGET_NAME)";
				SUPPORTED_PLATFORMS = "iphoneos iphonesimulator";
				SUPPORTS_MACCATALYST = NO;
				SUPPORTS_MAC_DESIGNED_FOR_IPHONE_IPAD = NO;
				SUPPORTS_XR_DESIGNED_FOR_IPHONE_IPAD = NO;
				SWIFT_EMIT_LOC_STRINGS = NO;
				TARGETED_DEVICE_FAMILY = 1;
				TEST_TARGET_NAME = Skywire;
			};
			name = Debug;
		};
		5E1A0000000000000000005C /* Release */ = {
			isa = XCBuildConfiguration;
			buildSettings = {
				"CODE_SIGN_IDENTITY[sdk=iphonesimulator*]" = "-";
				"CODE_SIGN_STYLE[sdk=iphonesimulator*]" = Manual;
				CODE_SIGN_STYLE = Automatic;
				GENERATE_INFOPLIST_FILE = YES;
				IPHONEOS_DEPLOYMENT_TARGET = 17.0;
				PRODUCT_BUNDLE_IDENTIFIER = "$(SKYWIRE_BUNDLE_ID).uitests";
				PRODUCT_NAME = "$(TARGET_NAME)";
				SUPPORTED_PLATFORMS = "iphoneos iphonesimulator";
				SUPPORTS_MACCATALYST = NO;
				SUPPORTS_MAC_DESIGNED_FOR_IPHONE_IPAD = NO;
				SUPPORTS_XR_DESIGNED_FOR_IPHONE_IPAD = NO;
				SWIFT_EMIT_LOC_STRINGS = NO;
				TARGETED_DEVICE_FAMILY = 1;
				TEST_TARGET_NAME = Skywire;
			};
			name = Release;
		};
/* End XCBuildConfiguration section */

/* Begin XCConfigurationList section */
		5E1A00000000000000000020 /* Build configuration list for PBXProject "Skywire" */ = {
			isa = XCConfigurationList;
			buildConfigurations = (
				5E1A00000000000000000030 /* Debug */,
				5E1A00000000000000000031 /* Release */,
			);
			defaultConfigurationIsVisible = 0;
			defaultConfigurationName = Release;
		};
		5E1A00000000000000000021 /* Build configuration list for PBXNativeTarget "Skywire" */ = {
			isa = XCConfigurationList;
			buildConfigurations = (
				5E1A00000000000000000032 /* Debug */,
				5E1A00000000000000000033 /* Release */,
			);
			defaultConfigurationIsVisible = 0;
			defaultConfigurationName = Release;
		};
		5E1A00000000000000000022 /* Build configuration list for PBXNativeTarget "SkywireTests" */ = {
			isa = XCConfigurationList;
			buildConfigurations = (
				5E1A00000000000000000034 /* Debug */,
				5E1A00000000000000000035 /* Release */,
			);
			defaultConfigurationIsVisible = 0;
			defaultConfigurationName = Release;
		};
		5E1A0000000000000000004A /* Build configuration list for PBXNativeTarget "SkywireAppTests" */ = {
			isa = XCConfigurationList;
			buildConfigurations = (
				5E1A0000000000000000004B /* Debug */,
				5E1A0000000000000000004C /* Release */,
			);
			defaultConfigurationIsVisible = 0;
			defaultConfigurationName = Release;
		};
		5E1A0000000000000000005A /* Build configuration list for PBXNativeTarget "SkywireUITests" */ = {
			isa = XCConfigurationList;
			buildConfigurations = (
				5E1A0000000000000000005B /* Debug */,
				5E1A0000000000000000005C /* Release */,
			);
			defaultConfigurationIsVisible = 0;
			defaultConfigurationName = Release;
		};
/* End XCConfigurationList section */

/* Begin XCLocalSwiftPackageReference section */
		5E1A0000000000000000001A /* XCLocalSwiftPackageReference "Packages/CoreBridge" */ = {
			isa = XCLocalSwiftPackageReference;
			relativePath = Packages/CoreBridge;
		};
		5E1A0000000000000000003C /* XCLocalSwiftPackageReference "Packages/CoreClient" */ = {
			isa = XCLocalSwiftPackageReference;
			relativePath = Packages/CoreClient;
		};
/* End XCLocalSwiftPackageReference section */

/* Begin XCSwiftPackageProductDependency section */
		5E1A0000000000000000001B /* CoreBridge */ = {
			isa = XCSwiftPackageProductDependency;
			package = 5E1A0000000000000000001A /* XCLocalSwiftPackageReference "Packages/CoreBridge" */;
			productName = CoreBridge;
		};
		5E1A0000000000000000001C /* CoreBridge */ = {
			isa = XCSwiftPackageProductDependency;
			package = 5E1A0000000000000000001A /* XCLocalSwiftPackageReference "Packages/CoreBridge" */;
			productName = CoreBridge;
		};
		5E1A0000000000000000003D /* CoreClient */ = {
			isa = XCSwiftPackageProductDependency;
			package = 5E1A0000000000000000003C /* XCLocalSwiftPackageReference "Packages/CoreClient" */;
			productName = CoreClient;
		};
		5E1A0000000000000000003E /* CoreClient */ = {
			isa = XCSwiftPackageProductDependency;
			package = 5E1A0000000000000000003C /* XCLocalSwiftPackageReference "Packages/CoreClient" */;
			productName = CoreClient;
		};
/* End XCSwiftPackageProductDependency section */
	};
	rootObject = 5E1A00000000000000000001 /* Project object */;
}
